<?xml version="1.0" encoding="UTF-8" standalone="yes" ?>
<CodeBlocks_project_file>
	<FileVersion major="1" minor="6" />
	<Project>
		<Option title="BugWarsTests" />
		<Option pch_mode="2" />
		<Option compiler="gcc" />
		<Build>
			<Target title="Debug">
				<Option output="bin/Debug/BugWarsTests" prefix_auto="1" extension_auto="1" />
				<Option object_output="obj/Debug/" />
				<Option type="1" />
				<Option compiler="gcc" />
				<Compiler>
					<Add option="-g" />
				</Compiler>
			</Target>
			<Target title="Release">
				<Option output="bin/Release/BugWarsTests" prefix_auto="1" extension_auto="1" />
				<Option object_output="obj/Release/" />
				<Option type="1" />
				<Option compiler="gcc" />
				<Compiler>
					<Add option="-O2" />
				</Compiler>
				<Linker>
					<Add option="-s" />
				</Linker>
			</Target>
		</Build>
		<Compiler>
			<Add option="-Wall" />
			<Add option="-fexceptions" />
			<Add directory="../../include" />
			<Add directory="C:/Proyectos/BugWars/BugWars/tests/BugWarsTests/" />
		</Compiler>
		<Unit filename="../../src/modelo/CargaCodigo.cpp" />
		<Unit filename="../../src/modelo/Explosion.cpp" />
		<Unit filename="../../src/modelo/Jugador.cpp" />
		<Unit filename="../../src/modelo/SistemaCargas.cpp" />
		<Unit filename="../../src/modelo/Tablero.cpp" />
		<Unit filename="main.cpp" />
		<Unit filename="test_carga_codigo.cpp" />
		<Unit filename="test_explosion.cpp" />
		<Unit filename="test_jugador.cpp" />
		<Unit filename="test_sistema_cargas.cpp" />
		<Unit filename="test_tablero.cpp" />
		<Extensions />
	</Project>
</CodeBlocks_project_file>
